
Microsoft Visual Studio Solution File, Format Version 12.00
Project("{FAE04EC0-301F-11D3-BF4B-00C04F79EFBC}") = "ChristmasLights", "ChristmasLights\ChristmasLights.csproj", "{1C981B13-78AC-4384-AB63-76DC5E0A8DD9}"
EndProject
Project("{FAE04EC0-301F-11D3-BF4B-00C04F79EFBC}") = "Parser", "Parser\Parser.csproj", "{BA11818A-154A-4D41-947B-D1CAE909008E}"
EndProject
Project("{FAE04EC0-301F-11D3-BF4B-00C04F79EFBC}") = "Parser.Tests", "Parser.Tests\Parser.Tests.csproj", "{6A29B000-5987-491C-9404-DBFA90BA0BE7}"
EndProject
Project("{2150E333-8FDC-42A3-9474-1A3956D46DE8}") = "Docs", "Docs", "{4263904E-F01B-406F-BAC7-164C1331B428}"
	ProjectSection(SolutionItems) = preProject
		README.md = README.md
		..\README.md = ..\README.md
	EndProjectSection
EndProject
Global
	GlobalSection(SolutionConfigurationPlatforms) = preSolution
		Debug|Any CPU = Debug|Any CPU
		Release|Any CPU = Release|Any CPU
	EndGlobalSection
	GlobalSection(ProjectConfigurationPlatforms) = postSolution
		{1C981B13-78AC-4384-AB63-76DC5E0A8DD9}.Debug|Any CPU.ActiveCfg = Debug|Any CPU
		{1C981B13-78AC-4384-AB63-76DC5E0A8DD9}.Debug|Any CPU.Build.0 = Debug|Any CPU
		{1C981B13-78AC-4384-AB63-76DC5E0A8DD9}.Release|Any CPU.ActiveCfg = Release|Any CPU
		{1C981B13-78AC-4384-AB63-76DC5E0A8DD9}.Release|Any CPU.Build.0 = Release|Any CPU
		{BA11818A-154A-4D41-947B-D1CAE909008E}.Debug|Any CPU.ActiveCfg = Debug|Any CPU
		{BA11818A-154A-4D41-947B-D1CAE909008E}.Debug|Any CPU.Build.0 = Debug|Any CPU
		{BA11818A-154A-4D41-947B-D1CAE909008E}.Release|Any CPU.ActiveCfg = Release|Any CPU
		{BA11818A-154A-4D41-947B-D1CAE909008E}.Release|Any CPU.Build.0 = Release|Any CPU
		{6A29B000-5987-491C-9404-DBFA90BA0BE7}.Debug|Any CPU.ActiveCfg = Debug|Any CPU
		{6A29B000-5987-491C-9404-DBFA90BA0BE7}.Debug|Any CPU.Build.0 = Debug|Any CPU
		{6A29B000-5987-491C-9404-DBFA90BA0BE7}.Release|Any CPU.ActiveCfg = Release|Any CPU
		{6A29B000-5987-491C-9404-DBFA90BA0BE7}.Release|Any CPU.Build.0 = Release|Any CPU
	EndGlobalSection
EndGlobal
